
Microsoft Visual Studio Solution File, Format Version 11.00
# Visual C# Express 2010
Project("{FAE04EC0-301F-11D3-BF4B-00C04F79EFBC}") = "ControlVersionSystem", "ControlVersionSystem\ControlVersionSystem.csproj", "{32EDF20D-61B2-446C-A515-27F704D2FE27}"
EndProject
Global
	GlobalSection(SolutionConfigurationPlatforms) = preSolution
		Debug|x86 = Debug|x86
		Release|x86 = Release|x86
	EndGlobalSection
	GlobalSection(ProjectConfigurationPlatforms) = postSolution
		{32EDF20D-61B2-446C-A515-27F704D2FE27}.Debug|x86.ActiveCfg = Debug|x86
		{32EDF20D-61B2-446C-A515-27F704D2FE27}.Debug|x86.Build.0 = Debug|x86
		{32EDF20D-61B2-446C-A515-27F704D2FE27}.Release|x86.ActiveCfg = Release|x86
		{32EDF20D-61B2-446C-A515-27F704D2FE27}.Release|x86.Build.0 = Release|x86
	EndGlobalSection
	GlobalSection(SolutionProperties) = preSolution
		HideSolutionNode = FALSE
	EndGlobalSection
EndGlobal
